
Microsoft Visual Studio Solution File, Format Version 12.00
# Visual Studio Version 16
VisualStudioVersion = 16.0.29306.81
MinimumVisualStudioVersion = 10.0.40219.1
Project("{FAE04EC0-301F-11D3-BF4B-00C04F79EFBC}") = "HonorsProject.WPF", "HonorsProject\HonorsProject.WPF.csproj", "{B95EB85C-3409-4FBE-8529-394BCDCDFF6F}"
EndProject
Project("{FAE04EC0-301F-11D3-BF4B-00C04F79EFBC}") = "HonorsProject.Test", "HonorsProject.Test\HonorsProject.Test.csproj", "{A9E5BC2D-F2C0-44DA-AA91-3A3A95D126EA}"
EndProject
Project("{FAE04EC0-301F-11D3-BF4B-00C04F79EFBC}") = "HonorsProject.Model", "HonorsProject.Model\HonorsProject.Model.csproj", "{7386FA79-0C2B-4DB6-970D-19B0351AB575}"
EndProject
Global
	GlobalSection(SolutionConfigurationPlatforms) = preSolution
		Debug|Any CPU = Debug|Any CPU
		Release|Any CPU = Release|Any CPU
	EndGlobalSection
	GlobalSection(ProjectConfigurationPlatforms) = postSolution
		{B95EB85C-3409-4FBE-8529-394BCDCDFF6F}.Debug|Any CPU.ActiveCfg = Debug|Any CPU
		{B95EB85C-3409-4FBE-8529-394BCDCDFF6F}.Debug|Any CPU.Build.0 = Debug|Any CPU
		{B95EB85C-3409-4FBE-8529-394BCDCDFF6F}.Release|Any CPU.ActiveCfg = Release|Any CPU
		{B95EB85C-3409-4FBE-8529-394BCDCDFF6F}.Release|Any CPU.Build.0 = Release|Any CPU
		{A9E5BC2D-F2C0-44DA-AA91-3A3A95D126EA}.Debug|Any CPU.ActiveCfg = Debug|Any CPU
		{A9E5BC2D-F2C0-44DA-AA91-3A3A95D126EA}.Debug|Any CPU.Build.0 = Debug|Any CPU
		{A9E5BC2D-F2C0-44DA-AA91-3A3A95D126EA}.Release|Any CPU.ActiveCfg = Release|Any CPU
		{A9E5BC2D-F2C0-44DA-AA91-3A3A95D126EA}.Release|Any CPU.Build.0 = Release|Any CPU
		{7386FA79-0C2B-4DB6-970D-19B0351AB575}.Debug|Any CPU.ActiveCfg = Debug|Any CPU
		{7386FA79-0C2B-4DB6-970D-19B0351AB575}.Debug|Any CPU.Build.0 = Debug|Any CPU
		{7386FA79-0C2B-4DB6-970D-19B0351AB575}.Release|Any CPU.ActiveCfg = Release|Any CPU
		{7386FA79-0C2B-4DB6-970D-19B0351AB575}.Release|Any CPU.Build.0 = Release|Any CPU
	EndGlobalSection
	GlobalSection(SolutionProperties) = preSolution
		HideSolutionNode = FALSE
	EndGlobalSection
	GlobalSection(ExtensibilityGlobals) = postSolution
		SolutionGuid = {E93AD7E5-97FB-47C5-8911-BE7C03D85F5A}
	EndGlobalSection
EndGlobal
